
Microsoft Visual Studio Solution File, Format Version 12.00
# Visual Studio Version 17
VisualStudioVersion = 17.0.32126.317
MinimumVisualStudioVersion = 10.0.40219.1
Project("{FAE04EC0-301F-11D3-BF4B-00C04F79EFBC}") = "01. Reverse Strings", "01. Reverse Strings\01. Reverse Strings.csproj", "{2BA6E730-F3D0-42F4-815F-3FE9E3A256D6}"
EndProject
Project("{FAE04EC0-301F-11D3-BF4B-00C04F79EFBC}") = "02. Repeat Strings", "02. Repeat Strings\02. Repeat Strings.csproj", "{BAFE9A62-98AB-4938-B3F2-87BDB73A83C2}"
EndProject
Project("{FAE04EC0-301F-11D3-BF4B-00C04F79EFBC}") = "03. Substring", "03. Substring\03. Substring.csproj", "{018EF022-53F3-4BB0-BBEA-1A496184BF1C}"
EndProject
Project("{FAE04EC0-301F-11D3-BF4B-00C04F79EFBC}") = "04. Text Filter", "04. Text Filter\04. Text Filter.csproj", "{29D725CA-E020-4019-854F-91814D6FD8DC}"
EndProject
Project("{FAE04EC0-301F-11D3-BF4B-00C04F79EFBC}") = "05. Digits, Letters and Other", "05. Digits, Letters and Other\05. Digits, Letters and Other.csproj", "{387D296C-4057-42B2-9DDF-017C83371770}"
EndProject
Global
	GlobalSection(SolutionConfigurationPlatforms) = preSolution
		Debug|Any CPU = Debug|Any CPU
		Release|Any CPU = Release|Any CPU
	EndGlobalSection
	GlobalSection(ProjectConfigurationPlatforms) = postSolution
		{2BA6E730-F3D0-42F4-815F-3FE9E3A256D6}.Debug|Any CPU.ActiveCfg = Debug|Any CPU
		{2BA6E730-F3D0-42F4-815F-3FE9E3A256D6}.Debug|Any CPU.Build.0 = Debug|Any CPU
		{2BA6E730-F3D0-42F4-815F-3FE9E3A256D6}.Release|Any CPU.ActiveCfg = Release|Any CPU
		{2BA6E730-F3D0-42F4-815F-3FE9E3A256D6}.Release|Any CPU.Build.0 = Release|Any CPU
		{BAFE9A62-98AB-4938-B3F2-87BDB73A83C2}.Debug|Any CPU.ActiveCfg = Debug|Any CPU
		{BAFE9A62-98AB-4938-B3F2-87BDB73A83C2}.Debug|Any CPU.Build.0 = Debug|Any CPU
		{BAFE9A62-98AB-4938-B3F2-87BDB73A83C2}.Release|Any CPU.ActiveCfg = Release|Any CPU
		{BAFE9A62-98AB-4938-B3F2-87BDB73A83C2}.Release|Any CPU.Build.0 = Release|Any CPU
		{018EF022-53F3-4BB0-BBEA-1A496184BF1C}.Debug|Any CPU.ActiveCfg = Debug|Any CPU
		{018EF022-53F3-4BB0-BBEA-1A496184BF1C}.Debug|Any CPU.Build.0 = Debug|Any CPU
		{018EF022-53F3-4BB0-BBEA-1A496184BF1C}.Release|Any CPU.ActiveCfg = Release|Any CPU
		{018EF022-53F3-4BB0-BBEA-1A496184BF1C}.Release|Any CPU.Build.0 = Release|Any CPU
		{29D725CA-E020-4019-854F-91814D6FD8DC}.Debug|Any CPU.ActiveCfg = Debug|Any CPU
		{29D725CA-E020-4019-854F-91814D6FD8DC}.Debug|Any CPU.Build.0 = Debug|Any CPU
		{29D725CA-E020-4019-854F-91814D6FD8DC}.Release|Any CPU.ActiveCfg = Release|Any CPU
		{29D725CA-E020-4019-854F-91814D6FD8DC}.Release|Any CPU.Build.0 = Release|Any CPU
		{387D296C-4057-42B2-9DDF-017C83371770}.Debug|Any CPU.ActiveCfg = Debug|Any CPU
		{387D296C-4057-42B2-9DDF-017C83371770}.Debug|Any CPU.Build.0 = Debug|Any CPU
		{387D296C-4057-42B2-9DDF-017C83371770}.Release|Any CPU.ActiveCfg = Release|Any CPU
		{387D296C-4057-42B2-9DDF-017C83371770}.Release|Any CPU.Build.0 = Release|Any CPU
	EndGlobalSection
	GlobalSection(SolutionProperties) = preSolution
		HideSolutionNode = FALSE
	EndGlobalSection
	GlobalSection(ExtensibilityGlobals) = postSolution
		SolutionGuid = {A339C993-59D7-489F-A510-B35C05BE93D9}
	EndGlobalSection
EndGlobal
