
Microsoft Visual Studio Solution File, Format Version 12.00
# Visual Studio Version 17
VisualStudioVersion = 17.0.32014.148
MinimumVisualStudioVersion = 10.0.40219.1
Project("{9A19103F-16F7-4668-BE54-9A1E7A4F7556}") = "01. Student Information", "01. Student Information\01. Student Information.csproj", "{E9D90A7D-5648-410C-B2D3-66E4A481E4E7}"
EndProject
Project("{9A19103F-16F7-4668-BE54-9A1E7A4F7556}") = "02. Passed", "02. Passed\02. Passed.csproj", "{902738BD-C6FC-41B9-BA9B-456C539B56EF}"
EndProject
Project("{FAE04EC0-301F-11D3-BF4B-00C04F79EFBC}") = "03. Passed or Failed", "03. Passed or Failed\03. Passed or Failed.csproj", "{529A92FD-BBC2-4A49-BAC7-14C4F43CF43D}"
EndProject
Project("{FAE04EC0-301F-11D3-BF4B-00C04F79EFBC}") = "04. Back In 30 Minutes", "04. Back In 30 Minutes\04. Back In 30 Minutes.csproj", "{A4EEA581-732B-4CEA-81C2-D0E0AC6BBB78}"
EndProject
Project("{FAE04EC0-301F-11D3-BF4B-00C04F79EFBC}") = "05. Month Printer", "05. Month Printer\05. Month Printer.csproj", "{CD9E311F-19BE-46D8-A88F-DF369C23FDFD}"
EndProject
Project("{FAE04EC0-301F-11D3-BF4B-00C04F79EFBC}") = "06. Foreign Languages", "06. Foreign Languages\06. Foreign Languages.csproj", "{8E76A3DD-32D3-4BE2-9257-453648F38708}"
EndProject
Project("{FAE04EC0-301F-11D3-BF4B-00C04F79EFBC}") = "07. Theatre Promotion", "07. Theatre Promotion\07. Theatre Promotion.csproj", "{756D33D4-059C-43ED-BA2E-A9600E8EA236}"
EndProject
Project("{FAE04EC0-301F-11D3-BF4B-00C04F79EFBC}") = "08. Divisible by 3", "08. Divisible by 3\08. Divisible by 3.csproj", "{1CE97585-AD02-42D1-8090-54E51FF68AA5}"
EndProject
Project("{FAE04EC0-301F-11D3-BF4B-00C04F79EFBC}") = "09. Sum of Odd Numbers", "09. Sum of Odd Numbers\09. Sum of Odd Numbers.csproj", "{E4E0DEC5-751E-4059-8FC7-627E0860E8C5}"
EndProject
Project("{FAE04EC0-301F-11D3-BF4B-00C04F79EFBC}") = "10. Multiplication Table", "10. Multiplication Table\10. Multiplication Table.csproj", "{CAA22B69-4181-4F5C-BFF1-85024F7EF8E5}"
EndProject
Project("{FAE04EC0-301F-11D3-BF4B-00C04F79EFBC}") = "11. Multiplication Table 2.0", "11. Multiplication Table 2.0\11. Multiplication Table 2.0.csproj", "{20E9AFA8-8737-4F56-8299-186CF569F39B}"
EndProject
Project("{FAE04EC0-301F-11D3-BF4B-00C04F79EFBC}") = "12. Even Number", "12. Even Number\12. Even Number.csproj", "{F159EFCE-8C48-4EBD-8726-B7B41EB02483}"
EndProject
Project("{FAE04EC0-301F-11D3-BF4B-00C04F79EFBC}") = "13. Holidays Between Two Dates", "13. Holidays Between Two Dates\13. Holidays Between Two Dates.csproj", "{FDCA4B65-FAB8-4BE1-8830-EB2898DA663B}"
EndProject
Global
	GlobalSection(SolutionConfigurationPlatforms) = preSolution
		Debug|Any CPU = Debug|Any CPU
		Release|Any CPU = Release|Any CPU
	EndGlobalSection
	GlobalSection(ProjectConfigurationPlatforms) = postSolution
		{E9D90A7D-5648-410C-B2D3-66E4A481E4E7}.Debug|Any CPU.ActiveCfg = Debug|Any CPU
		{E9D90A7D-5648-410C-B2D3-66E4A481E4E7}.Debug|Any CPU.Build.0 = Debug|Any CPU
		{E9D90A7D-5648-410C-B2D3-66E4A481E4E7}.Release|Any CPU.ActiveCfg = Release|Any CPU
		{E9D90A7D-5648-410C-B2D3-66E4A481E4E7}.Release|Any CPU.Build.0 = Release|Any CPU
		{902738BD-C6FC-41B9-BA9B-456C539B56EF}.Debug|Any CPU.ActiveCfg = Debug|Any CPU
		{902738BD-C6FC-41B9-BA9B-456C539B56EF}.Debug|Any CPU.Build.0 = Debug|Any CPU
		{902738BD-C6FC-41B9-BA9B-456C539B56EF}.Release|Any CPU.ActiveCfg = Release|Any CPU
		{902738BD-C6FC-41B9-BA9B-456C539B56EF}.Release|Any CPU.Build.0 = Release|Any CPU
		{529A92FD-BBC2-4A49-BAC7-14C4F43CF43D}.Debug|Any CPU.ActiveCfg = Debug|Any CPU
		{529A92FD-BBC2-4A49-BAC7-14C4F43CF43D}.Debug|Any CPU.Build.0 = Debug|Any CPU
		{529A92FD-BBC2-4A49-BAC7-14C4F43CF43D}.Release|Any CPU.ActiveCfg = Release|Any CPU
		{529A92FD-BBC2-4A49-BAC7-14C4F43CF43D}.Release|Any CPU.Build.0 = Release|Any CPU
		{A4EEA581-732B-4CEA-81C2-D0E0AC6BBB78}.Debug|Any CPU.ActiveCfg = Debug|Any CPU
		{A4EEA581-732B-4CEA-81C2-D0E0AC6BBB78}.Debug|Any CPU.Build.0 = Debug|Any CPU
		{A4EEA581-732B-4CEA-81C2-D0E0AC6BBB78}.Release|Any CPU.ActiveCfg = Release|Any CPU
		{A4EEA581-732B-4CEA-81C2-D0E0AC6BBB78}.Release|Any CPU.Build.0 = Release|Any CPU
		{CD9E311F-19BE-46D8-A88F-DF369C23FDFD}.Debug|Any CPU.ActiveCfg = Debug|Any CPU
		{CD9E311F-19BE-46D8-A88F-DF369C23FDFD}.Debug|Any CPU.Build.0 = Debug|Any CPU
		{CD9E311F-19BE-46D8-A88F-DF369C23FDFD}.Release|Any CPU.ActiveCfg = Release|Any CPU
		{CD9E311F-19BE-46D8-A88F-DF369C23FDFD}.Release|Any CPU.Build.0 = Release|Any CPU
		{8E76A3DD-32D3-4BE2-9257-453648F38708}.Debug|Any CPU.ActiveCfg = Debug|Any CPU
		{8E76A3DD-32D3-4BE2-9257-453648F38708}.Debug|Any CPU.Build.0 = Debug|Any CPU
		{8E76A3DD-32D3-4BE2-9257-453648F38708}.Release|Any CPU.ActiveCfg = Release|Any CPU
		{8E76A3DD-32D3-4BE2-9257-453648F38708}.Release|Any CPU.Build.0 = Release|Any CPU
		{756D33D4-059C-43ED-BA2E-A9600E8EA236}.Debug|Any CPU.ActiveCfg = Debug|Any CPU
		{756D33D4-059C-43ED-BA2E-A9600E8EA236}.Debug|Any CPU.Build.0 = Debug|Any CPU
		{756D33D4-059C-43ED-BA2E-A9600E8EA236}.Release|Any CPU.ActiveCfg = Release|Any CPU
		{756D33D4-059C-43ED-BA2E-A9600E8EA236}.Release|Any CPU.Build.0 = Release|Any CPU
		{1CE97585-AD02-42D1-8090-54E51FF68AA5}.Debug|Any CPU.ActiveCfg = Debug|Any CPU
		{1CE97585-AD02-42D1-8090-54E51FF68AA5}.Debug|Any CPU.Build.0 = Debug|Any CPU
		{1CE97585-AD02-42D1-8090-54E51FF68AA5}.Release|Any CPU.ActiveCfg = Release|Any CPU
		{1CE97585-AD02-42D1-8090-54E51FF68AA5}.Release|Any CPU.Build.0 = Release|Any CPU
		{E4E0DEC5-751E-4059-8FC7-627E0860E8C5}.Debug|Any CPU.ActiveCfg = Debug|Any CPU
		{E4E0DEC5-751E-4059-8FC7-627E0860E8C5}.Debug|Any CPU.Build.0 = Debug|Any CPU
		{E4E0DEC5-751E-4059-8FC7-627E0860E8C5}.Release|Any CPU.ActiveCfg = Release|Any CPU
		{E4E0DEC5-751E-4059-8FC7-627E0860E8C5}.Release|Any CPU.Build.0 = Release|Any CPU
		{CAA22B69-4181-4F5C-BFF1-85024F7EF8E5}.Debug|Any CPU.ActiveCfg = Debug|Any CPU
		{CAA22B69-4181-4F5C-BFF1-85024F7EF8E5}.Debug|Any CPU.Build.0 = Debug|Any CPU
		{CAA22B69-4181-4F5C-BFF1-85024F7EF8E5}.Release|Any CPU.ActiveCfg = Release|Any CPU
		{CAA22B69-4181-4F5C-BFF1-85024F7EF8E5}.Release|Any CPU.Build.0 = Release|Any CPU
		{20E9AFA8-8737-4F56-8299-186CF569F39B}.Debug|Any CPU.ActiveCfg = Debug|Any CPU
		{20E9AFA8-8737-4F56-8299-186CF569F39B}.Debug|Any CPU.Build.0 = Debug|Any CPU
		{20E9AFA8-8737-4F56-8299-186CF569F39B}.Release|Any CPU.ActiveCfg = Release|Any CPU
		{20E9AFA8-8737-4F56-8299-186CF569F39B}.Release|Any CPU.Build.0 = Release|Any CPU
		{F159EFCE-8C48-4EBD-8726-B7B41EB02483}.Debug|Any CPU.ActiveCfg = Debug|Any CPU
		{F159EFCE-8C48-4EBD-8726-B7B41EB02483}.Debug|Any CPU.Build.0 = Debug|Any CPU
		{F159EFCE-8C48-4EBD-8726-B7B41EB02483}.Release|Any CPU.ActiveCfg = Release|Any CPU
		{F159EFCE-8C48-4EBD-8726-B7B41EB02483}.Release|Any CPU.Build.0 = Release|Any CPU
		{FDCA4B65-FAB8-4BE1-8830-EB2898DA663B}.Debug|Any CPU.ActiveCfg = Debug|Any CPU
		{FDCA4B65-FAB8-4BE1-8830-EB2898DA663B}.Debug|Any CPU.Build.0 = Debug|Any CPU
		{FDCA4B65-FAB8-4BE1-8830-EB2898DA663B}.Release|Any CPU.ActiveCfg = Release|Any CPU
		{FDCA4B65-FAB8-4BE1-8830-EB2898DA663B}.Release|Any CPU.Build.0 = Release|Any CPU
	EndGlobalSection
	GlobalSection(SolutionProperties) = preSolution
		HideSolutionNode = FALSE
	EndGlobalSection
	GlobalSection(ExtensibilityGlobals) = postSolution
		SolutionGuid = {091C419E-80D0-45DF-ADA2-6F24CC189040}
	EndGlobalSection
EndGlobal
