
Microsoft Visual Studio Solution File, Format Version 12.00
# Visual Studio Version 17
VisualStudioVersion = 17.1.32319.34
MinimumVisualStudioVersion = 10.0.40219.1
Project("{FAE04EC0-301F-11D3-BF4B-00C04F79EFBC}") = "01. Activation Keys", "01. Activation Keys\01. Activation Keys.csproj", "{BFB39E82-6E8F-4A99-A16A-57408E8E9FE9}"
EndProject
Project("{FAE04EC0-301F-11D3-BF4B-00C04F79EFBC}") = "02. Emoji Detector", "02. Emoji Detector\02. Emoji Detector.csproj", "{B31A2566-6E34-4F3B-A33D-7C1234F99065}"
EndProject
Project("{FAE04EC0-301F-11D3-BF4B-00C04F79EFBC}") = "03. P!rates", "03. P!rates\03. P!rates.csproj", "{C4F38871-10A3-4909-A49C-DDB39DE318EE}"
EndProject
Global
	GlobalSection(SolutionConfigurationPlatforms) = preSolution
		Debug|Any CPU = Debug|Any CPU
		Release|Any CPU = Release|Any CPU
	EndGlobalSection
	GlobalSection(ProjectConfigurationPlatforms) = postSolution
		{BFB39E82-6E8F-4A99-A16A-57408E8E9FE9}.Debug|Any CPU.ActiveCfg = Debug|Any CPU
		{BFB39E82-6E8F-4A99-A16A-57408E8E9FE9}.Debug|Any CPU.Build.0 = Debug|Any CPU
		{BFB39E82-6E8F-4A99-A16A-57408E8E9FE9}.Release|Any CPU.ActiveCfg = Release|Any CPU
		{BFB39E82-6E8F-4A99-A16A-57408E8E9FE9}.Release|Any CPU.Build.0 = Release|Any CPU
		{B31A2566-6E34-4F3B-A33D-7C1234F99065}.Debug|Any CPU.ActiveCfg = Debug|Any CPU
		{B31A2566-6E34-4F3B-A33D-7C1234F99065}.Debug|Any CPU.Build.0 = Debug|Any CPU
		{B31A2566-6E34-4F3B-A33D-7C1234F99065}.Release|Any CPU.ActiveCfg = Release|Any CPU
		{B31A2566-6E34-4F3B-A33D-7C1234F99065}.Release|Any CPU.Build.0 = Release|Any CPU
		{C4F38871-10A3-4909-A49C-DDB39DE318EE}.Debug|Any CPU.ActiveCfg = Debug|Any CPU
		{C4F38871-10A3-4909-A49C-DDB39DE318EE}.Debug|Any CPU.Build.0 = Debug|Any CPU
		{C4F38871-10A3-4909-A49C-DDB39DE318EE}.Release|Any CPU.ActiveCfg = Release|Any CPU
		{C4F38871-10A3-4909-A49C-DDB39DE318EE}.Release|Any CPU.Build.0 = Release|Any CPU
	EndGlobalSection
	GlobalSection(SolutionProperties) = preSolution
		HideSolutionNode = FALSE
	EndGlobalSection
	GlobalSection(ExtensibilityGlobals) = postSolution
		SolutionGuid = {1954DCE9-0B1F-42F1-80CE-219866437EC0}
	EndGlobalSection
EndGlobal
