
Microsoft Visual Studio Solution File, Format Version 12.00
# Visual Studio Version 16
VisualStudioVersion = 16.0.30406.217
MinimumVisualStudioVersion = 10.0.40219.1
Project("{FAE04EC0-301F-11D3-BF4B-00C04F79EFBC}") = "01. Sort Numbers", "01. Sort Numbers\01. Sort Numbers.csproj", "{6ABEFE39-7CD2-4726-A1B3-4BB761143268}"
EndProject
Project("{FAE04EC0-301F-11D3-BF4B-00C04F79EFBC}") = "02. English Name of the Last Digit", "02. English Name of the Last Digit\02. English Name of the Last Digit.csproj", "{5D52C001-768D-4E4E-9327-D878AA3A70E6}"
EndProject
Project("{FAE04EC0-301F-11D3-BF4B-00C04F79EFBC}") = "03. Gaming Store", "03. Gaming Store\03. Gaming Store.csproj", "{824C6D83-4071-4395-9C1A-65025694DC4E}"
EndProject
Project("{FAE04EC0-301F-11D3-BF4B-00C04F79EFBC}") = "04. Reverse String", "04. Reverse String\04. Reverse String.csproj", "{3E9084D0-627F-447D-876E-F09EBD42320F}"
EndProject
Project("{FAE04EC0-301F-11D3-BF4B-00C04F79EFBC}") = "05. Messages", "05. Messages\05. Messages.csproj", "{57CCF2CE-CA84-4BE2-833D-2AD22BD0786F}"
EndProject
Global
	GlobalSection(SolutionConfigurationPlatforms) = preSolution
		Debug|Any CPU = Debug|Any CPU
		Release|Any CPU = Release|Any CPU
	EndGlobalSection
	GlobalSection(ProjectConfigurationPlatforms) = postSolution
		{6ABEFE39-7CD2-4726-A1B3-4BB761143268}.Debug|Any CPU.ActiveCfg = Debug|Any CPU
		{6ABEFE39-7CD2-4726-A1B3-4BB761143268}.Debug|Any CPU.Build.0 = Debug|Any CPU
		{6ABEFE39-7CD2-4726-A1B3-4BB761143268}.Release|Any CPU.ActiveCfg = Release|Any CPU
		{6ABEFE39-7CD2-4726-A1B3-4BB761143268}.Release|Any CPU.Build.0 = Release|Any CPU
		{5D52C001-768D-4E4E-9327-D878AA3A70E6}.Debug|Any CPU.ActiveCfg = Debug|Any CPU
		{5D52C001-768D-4E4E-9327-D878AA3A70E6}.Debug|Any CPU.Build.0 = Debug|Any CPU
		{5D52C001-768D-4E4E-9327-D878AA3A70E6}.Release|Any CPU.ActiveCfg = Release|Any CPU
		{5D52C001-768D-4E4E-9327-D878AA3A70E6}.Release|Any CPU.Build.0 = Release|Any CPU
		{824C6D83-4071-4395-9C1A-65025694DC4E}.Debug|Any CPU.ActiveCfg = Debug|Any CPU
		{824C6D83-4071-4395-9C1A-65025694DC4E}.Debug|Any CPU.Build.0 = Debug|Any CPU
		{824C6D83-4071-4395-9C1A-65025694DC4E}.Release|Any CPU.ActiveCfg = Release|Any CPU
		{824C6D83-4071-4395-9C1A-65025694DC4E}.Release|Any CPU.Build.0 = Release|Any CPU
		{3E9084D0-627F-447D-876E-F09EBD42320F}.Debug|Any CPU.ActiveCfg = Debug|Any CPU
		{3E9084D0-627F-447D-876E-F09EBD42320F}.Debug|Any CPU.Build.0 = Debug|Any CPU
		{3E9084D0-627F-447D-876E-F09EBD42320F}.Release|Any CPU.ActiveCfg = Release|Any CPU
		{3E9084D0-627F-447D-876E-F09EBD42320F}.Release|Any CPU.Build.0 = Release|Any CPU
		{57CCF2CE-CA84-4BE2-833D-2AD22BD0786F}.Debug|Any CPU.ActiveCfg = Debug|Any CPU
		{57CCF2CE-CA84-4BE2-833D-2AD22BD0786F}.Debug|Any CPU.Build.0 = Debug|Any CPU
		{57CCF2CE-CA84-4BE2-833D-2AD22BD0786F}.Release|Any CPU.ActiveCfg = Release|Any CPU
		{57CCF2CE-CA84-4BE2-833D-2AD22BD0786F}.Release|Any CPU.Build.0 = Release|Any CPU
	EndGlobalSection
	GlobalSection(SolutionProperties) = preSolution
		HideSolutionNode = FALSE
	EndGlobalSection
	GlobalSection(ExtensibilityGlobals) = postSolution
		SolutionGuid = {8B135F99-AF6A-4F30-AEA4-07849C273CB0}
	EndGlobalSection
EndGlobal
