
Microsoft Visual Studio Solution File, Format Version 12.00
# Visual Studio Version 17
VisualStudioVersion = 17.0.32014.148
MinimumVisualStudioVersion = 10.0.40219.1
Project("{9A19103F-16F7-4668-BE54-9A1E7A4F7556}") = "01. Data Types", "01. Data Types\01. Data Types.csproj", "{52D09027-F8BC-441C-9997-81E390E9C4A3}"
EndProject
Project("{FAE04EC0-301F-11D3-BF4B-00C04F79EFBC}") = "04. Tribonacci Sequence", "04. Tribonacci Sequence\04. Tribonacci Sequence.csproj", "{C5D0C29F-2D22-4F9D-8221-B1811ACDB7A1}"
EndProject
Global
	GlobalSection(SolutionConfigurationPlatforms) = preSolution
		Debug|Any CPU = Debug|Any CPU
		Release|Any CPU = Release|Any CPU
	EndGlobalSection
	GlobalSection(ProjectConfigurationPlatforms) = postSolution
		{52D09027-F8BC-441C-9997-81E390E9C4A3}.Debug|Any CPU.ActiveCfg = Debug|Any CPU
		{52D09027-F8BC-441C-9997-81E390E9C4A3}.Debug|Any CPU.Build.0 = Debug|Any CPU
		{52D09027-F8BC-441C-9997-81E390E9C4A3}.Release|Any CPU.ActiveCfg = Release|Any CPU
		{52D09027-F8BC-441C-9997-81E390E9C4A3}.Release|Any CPU.Build.0 = Release|Any CPU
		{C5D0C29F-2D22-4F9D-8221-B1811ACDB7A1}.Debug|Any CPU.ActiveCfg = Debug|Any CPU
		{C5D0C29F-2D22-4F9D-8221-B1811ACDB7A1}.Debug|Any CPU.Build.0 = Debug|Any CPU
		{C5D0C29F-2D22-4F9D-8221-B1811ACDB7A1}.Release|Any CPU.ActiveCfg = Release|Any CPU
		{C5D0C29F-2D22-4F9D-8221-B1811ACDB7A1}.Release|Any CPU.Build.0 = Release|Any CPU
	EndGlobalSection
	GlobalSection(SolutionProperties) = preSolution
		HideSolutionNode = FALSE
	EndGlobalSection
	GlobalSection(ExtensibilityGlobals) = postSolution
		SolutionGuid = {258200FC-DBBB-4CD6-994B-BF9E30E111D0}
	EndGlobalSection
EndGlobal
