
Microsoft Visual Studio Solution File, Format Version 12.00
# Visual Studio Version 17
VisualStudioVersion = 17.0.32126.317
MinimumVisualStudioVersion = 10.0.40219.1
Project("{FAE04EC0-301F-11D3-BF4B-00C04F79EFBC}") = "01. Bonus Scoring System", "01. Bonus Scoring System\01. Bonus Scoring System.csproj", "{D988A394-A73F-47D0-9FAD-539B93CF5CCC}"
EndProject
Project("{FAE04EC0-301F-11D3-BF4B-00C04F79EFBC}") = "02. MuOnline", "02. MuOnline\02. MuOnline.csproj", "{6ABB4DDD-4A33-45C7-9740-34559FB2A8DA}"
EndProject
Project("{FAE04EC0-301F-11D3-BF4B-00C04F79EFBC}") = "03. Inventory", "03. Inventory\03. Inventory.csproj", "{55366447-88F3-4351-8A6D-FE42CBD572B2}"
EndProject
Global
	GlobalSection(SolutionConfigurationPlatforms) = preSolution
		Debug|Any CPU = Debug|Any CPU
		Release|Any CPU = Release|Any CPU
	EndGlobalSection
	GlobalSection(ProjectConfigurationPlatforms) = postSolution
		{D988A394-A73F-47D0-9FAD-539B93CF5CCC}.Debug|Any CPU.ActiveCfg = Debug|Any CPU
		{D988A394-A73F-47D0-9FAD-539B93CF5CCC}.Debug|Any CPU.Build.0 = Debug|Any CPU
		{D988A394-A73F-47D0-9FAD-539B93CF5CCC}.Release|Any CPU.ActiveCfg = Release|Any CPU
		{D988A394-A73F-47D0-9FAD-539B93CF5CCC}.Release|Any CPU.Build.0 = Release|Any CPU
		{6ABB4DDD-4A33-45C7-9740-34559FB2A8DA}.Debug|Any CPU.ActiveCfg = Debug|Any CPU
		{6ABB4DDD-4A33-45C7-9740-34559FB2A8DA}.Debug|Any CPU.Build.0 = Debug|Any CPU
		{6ABB4DDD-4A33-45C7-9740-34559FB2A8DA}.Release|Any CPU.ActiveCfg = Release|Any CPU
		{6ABB4DDD-4A33-45C7-9740-34559FB2A8DA}.Release|Any CPU.Build.0 = Release|Any CPU
		{55366447-88F3-4351-8A6D-FE42CBD572B2}.Debug|Any CPU.ActiveCfg = Debug|Any CPU
		{55366447-88F3-4351-8A6D-FE42CBD572B2}.Debug|Any CPU.Build.0 = Debug|Any CPU
		{55366447-88F3-4351-8A6D-FE42CBD572B2}.Release|Any CPU.ActiveCfg = Release|Any CPU
		{55366447-88F3-4351-8A6D-FE42CBD572B2}.Release|Any CPU.Build.0 = Release|Any CPU
	EndGlobalSection
	GlobalSection(SolutionProperties) = preSolution
		HideSolutionNode = FALSE
	EndGlobalSection
	GlobalSection(ExtensibilityGlobals) = postSolution
		SolutionGuid = {1C00857A-C9BC-4936-8113-FD065C5344BF}
	EndGlobalSection
EndGlobal
