
Microsoft Visual Studio Solution File, Format Version 12.00
# Visual Studio Version 17
VisualStudioVersion = 17.0.32014.148
MinimumVisualStudioVersion = 10.0.40219.1
Project("{9A19103F-16F7-4668-BE54-9A1E7A4F7556}") = "01. Ages", "01. Ages\01. Ages.csproj", "{EDBCE14C-7B27-4401-A750-A9688668F32B}"
EndProject
Project("{FAE04EC0-301F-11D3-BF4B-00C04F79EFBC}") = "02. Division", "02. Division\02. Division.csproj", "{4DE3A358-225A-4508-8B39-8246129FCC57}"
EndProject
Project("{FAE04EC0-301F-11D3-BF4B-00C04F79EFBC}") = "03. Vacation", "03. Vacation\03. Vacation.csproj", "{CDD1CA20-E826-409E-8034-2DF4834F147D}"
EndProject
Project("{FAE04EC0-301F-11D3-BF4B-00C04F79EFBC}") = "04. Print and sum", "04. Print and sum\04. Print and sum.csproj", "{CDBF011A-4B82-47D4-8D89-1C96BF20ECDF}"
EndProject
Project("{FAE04EC0-301F-11D3-BF4B-00C04F79EFBC}") = "05. Login", "05. Login\05. Login.csproj", "{E1C75548-0987-4599-8AFB-C36457D29028}"
EndProject
Project("{FAE04EC0-301F-11D3-BF4B-00C04F79EFBC}") = "06. Strong number", "06. Strong number\06. Strong number.csproj", "{A515C0F3-2B3F-4401-89AA-C6A04E47EB7F}"
EndProject
Project("{FAE04EC0-301F-11D3-BF4B-00C04F79EFBC}") = "07. Vending Machine", "07. Vending Machine\07. Vending Machine.csproj", "{142CFDD5-3498-4B78-A74E-BEC534D69711}"
EndProject
Project("{FAE04EC0-301F-11D3-BF4B-00C04F79EFBC}") = "08. Triangle of Numbers", "08. Triangle of Numbers\08. Triangle of Numbers.csproj", "{C489798A-83F1-4E09-954D-FAF784AA2C20}"
EndProject
Project("{FAE04EC0-301F-11D3-BF4B-00C04F79EFBC}") = "09. Padawan Equipment", "09. Padawan Equipment\09. Padawan Equipment.csproj", "{812C9E42-75C8-4235-9DE0-FDC3E21E0AD4}"
EndProject
Project("{FAE04EC0-301F-11D3-BF4B-00C04F79EFBC}") = "10. Rage Expenses", "10. Rage Expenses\10. Rage Expenses.csproj", "{29919D77-F8EE-4B59-99D1-D07B83F03931}"
EndProject
Project("{FAE04EC0-301F-11D3-BF4B-00C04F79EFBC}") = "11. Orders", "11. Orders\11. Orders.csproj", "{DBCC39C0-94F7-44C7-8381-2E4158D4F79D}"
EndProject
Global
	GlobalSection(SolutionConfigurationPlatforms) = preSolution
		Debug|Any CPU = Debug|Any CPU
		Release|Any CPU = Release|Any CPU
	EndGlobalSection
	GlobalSection(ProjectConfigurationPlatforms) = postSolution
		{EDBCE14C-7B27-4401-A750-A9688668F32B}.Debug|Any CPU.ActiveCfg = Debug|Any CPU
		{EDBCE14C-7B27-4401-A750-A9688668F32B}.Debug|Any CPU.Build.0 = Debug|Any CPU
		{EDBCE14C-7B27-4401-A750-A9688668F32B}.Release|Any CPU.ActiveCfg = Release|Any CPU
		{EDBCE14C-7B27-4401-A750-A9688668F32B}.Release|Any CPU.Build.0 = Release|Any CPU
		{4DE3A358-225A-4508-8B39-8246129FCC57}.Debug|Any CPU.ActiveCfg = Debug|Any CPU
		{4DE3A358-225A-4508-8B39-8246129FCC57}.Debug|Any CPU.Build.0 = Debug|Any CPU
		{4DE3A358-225A-4508-8B39-8246129FCC57}.Release|Any CPU.ActiveCfg = Release|Any CPU
		{4DE3A358-225A-4508-8B39-8246129FCC57}.Release|Any CPU.Build.0 = Release|Any CPU
		{CDD1CA20-E826-409E-8034-2DF4834F147D}.Debug|Any CPU.ActiveCfg = Debug|Any CPU
		{CDD1CA20-E826-409E-8034-2DF4834F147D}.Debug|Any CPU.Build.0 = Debug|Any CPU
		{CDD1CA20-E826-409E-8034-2DF4834F147D}.Release|Any CPU.ActiveCfg = Release|Any CPU
		{CDD1CA20-E826-409E-8034-2DF4834F147D}.Release|Any CPU.Build.0 = Release|Any CPU
		{CDBF011A-4B82-47D4-8D89-1C96BF20ECDF}.Debug|Any CPU.ActiveCfg = Debug|Any CPU
		{CDBF011A-4B82-47D4-8D89-1C96BF20ECDF}.Debug|Any CPU.Build.0 = Debug|Any CPU
		{CDBF011A-4B82-47D4-8D89-1C96BF20ECDF}.Release|Any CPU.ActiveCfg = Release|Any CPU
		{CDBF011A-4B82-47D4-8D89-1C96BF20ECDF}.Release|Any CPU.Build.0 = Release|Any CPU
		{E1C75548-0987-4599-8AFB-C36457D29028}.Debug|Any CPU.ActiveCfg = Debug|Any CPU
		{E1C75548-0987-4599-8AFB-C36457D29028}.Debug|Any CPU.Build.0 = Debug|Any CPU
		{E1C75548-0987-4599-8AFB-C36457D29028}.Release|Any CPU.ActiveCfg = Release|Any CPU
		{E1C75548-0987-4599-8AFB-C36457D29028}.Release|Any CPU.Build.0 = Release|Any CPU
		{A515C0F3-2B3F-4401-89AA-C6A04E47EB7F}.Debug|Any CPU.ActiveCfg = Debug|Any CPU
		{A515C0F3-2B3F-4401-89AA-C6A04E47EB7F}.Debug|Any CPU.Build.0 = Debug|Any CPU
		{A515C0F3-2B3F-4401-89AA-C6A04E47EB7F}.Release|Any CPU.ActiveCfg = Release|Any CPU
		{A515C0F3-2B3F-4401-89AA-C6A04E47EB7F}.Release|Any CPU.Build.0 = Release|Any CPU
		{142CFDD5-3498-4B78-A74E-BEC534D69711}.Debug|Any CPU.ActiveCfg = Debug|Any CPU
		{142CFDD5-3498-4B78-A74E-BEC534D69711}.Debug|Any CPU.Build.0 = Debug|Any CPU
		{142CFDD5-3498-4B78-A74E-BEC534D69711}.Release|Any CPU.ActiveCfg = Release|Any CPU
		{142CFDD5-3498-4B78-A74E-BEC534D69711}.Release|Any CPU.Build.0 = Release|Any CPU
		{C489798A-83F1-4E09-954D-FAF784AA2C20}.Debug|Any CPU.ActiveCfg = Debug|Any CPU
		{C489798A-83F1-4E09-954D-FAF784AA2C20}.Debug|Any CPU.Build.0 = Debug|Any CPU
		{C489798A-83F1-4E09-954D-FAF784AA2C20}.Release|Any CPU.ActiveCfg = Release|Any CPU
		{C489798A-83F1-4E09-954D-FAF784AA2C20}.Release|Any CPU.Build.0 = Release|Any CPU
		{812C9E42-75C8-4235-9DE0-FDC3E21E0AD4}.Debug|Any CPU.ActiveCfg = Debug|Any CPU
		{812C9E42-75C8-4235-9DE0-FDC3E21E0AD4}.Debug|Any CPU.Build.0 = Debug|Any CPU
		{812C9E42-75C8-4235-9DE0-FDC3E21E0AD4}.Release|Any CPU.ActiveCfg = Release|Any CPU
		{812C9E42-75C8-4235-9DE0-FDC3E21E0AD4}.Release|Any CPU.Build.0 = Release|Any CPU
		{29919D77-F8EE-4B59-99D1-D07B83F03931}.Debug|Any CPU.ActiveCfg = Debug|Any CPU
		{29919D77-F8EE-4B59-99D1-D07B83F03931}.Debug|Any CPU.Build.0 = Debug|Any CPU
		{29919D77-F8EE-4B59-99D1-D07B83F03931}.Release|Any CPU.ActiveCfg = Release|Any CPU
		{29919D77-F8EE-4B59-99D1-D07B83F03931}.Release|Any CPU.Build.0 = Release|Any CPU
		{DBCC39C0-94F7-44C7-8381-2E4158D4F79D}.Debug|Any CPU.ActiveCfg = Debug|Any CPU
		{DBCC39C0-94F7-44C7-8381-2E4158D4F79D}.Debug|Any CPU.Build.0 = Debug|Any CPU
		{DBCC39C0-94F7-44C7-8381-2E4158D4F79D}.Release|Any CPU.ActiveCfg = Release|Any CPU
		{DBCC39C0-94F7-44C7-8381-2E4158D4F79D}.Release|Any CPU.Build.0 = Release|Any CPU
	EndGlobalSection
	GlobalSection(SolutionProperties) = preSolution
		HideSolutionNode = FALSE
	EndGlobalSection
	GlobalSection(ExtensibilityGlobals) = postSolution
		SolutionGuid = {F97B7966-A163-4B3D-B0F1-592A8F2AAEED}
	EndGlobalSection
EndGlobal
