
Microsoft Visual Studio Solution File, Format Version 12.00
# Visual Studio Version 17
VisualStudioVersion = 17.1.32319.34
MinimumVisualStudioVersion = 10.0.40219.1
Project("{9A19103F-16F7-4668-BE54-9A1E7A4F7556}") = "01. Extract Person Information", "01. Extract Person Information\01. Extract Person Information.csproj", "{A168CAC7-DBB6-482E-B5AB-A4979072A79D}"
EndProject
Project("{9A19103F-16F7-4668-BE54-9A1E7A4F7556}") = "02. Ascii Sumator", "02. Ascii Sumator\02. Ascii Sumator.csproj", "{EF4EBDF9-5EA7-428A-8B55-7557BCD374ED}"
EndProject
Project("{FAE04EC0-301F-11D3-BF4B-00C04F79EFBC}") = "03. Treasure Finder", "03. Treasure Finder\03. Treasure Finder.csproj", "{F9E699A4-12CE-4004-B991-04EB62072EE6}"
EndProject
Global
	GlobalSection(SolutionConfigurationPlatforms) = preSolution
		Debug|Any CPU = Debug|Any CPU
		Release|Any CPU = Release|Any CPU
	EndGlobalSection
	GlobalSection(ProjectConfigurationPlatforms) = postSolution
		{A168CAC7-DBB6-482E-B5AB-A4979072A79D}.Debug|Any CPU.ActiveCfg = Debug|Any CPU
		{A168CAC7-DBB6-482E-B5AB-A4979072A79D}.Debug|Any CPU.Build.0 = Debug|Any CPU
		{A168CAC7-DBB6-482E-B5AB-A4979072A79D}.Release|Any CPU.ActiveCfg = Release|Any CPU
		{A168CAC7-DBB6-482E-B5AB-A4979072A79D}.Release|Any CPU.Build.0 = Release|Any CPU
		{EF4EBDF9-5EA7-428A-8B55-7557BCD374ED}.Debug|Any CPU.ActiveCfg = Debug|Any CPU
		{EF4EBDF9-5EA7-428A-8B55-7557BCD374ED}.Debug|Any CPU.Build.0 = Debug|Any CPU
		{EF4EBDF9-5EA7-428A-8B55-7557BCD374ED}.Release|Any CPU.ActiveCfg = Release|Any CPU
		{EF4EBDF9-5EA7-428A-8B55-7557BCD374ED}.Release|Any CPU.Build.0 = Release|Any CPU
		{F9E699A4-12CE-4004-B991-04EB62072EE6}.Debug|Any CPU.ActiveCfg = Debug|Any CPU
		{F9E699A4-12CE-4004-B991-04EB62072EE6}.Debug|Any CPU.Build.0 = Debug|Any CPU
		{F9E699A4-12CE-4004-B991-04EB62072EE6}.Release|Any CPU.ActiveCfg = Release|Any CPU
		{F9E699A4-12CE-4004-B991-04EB62072EE6}.Release|Any CPU.Build.0 = Release|Any CPU
	EndGlobalSection
	GlobalSection(SolutionProperties) = preSolution
		HideSolutionNode = FALSE
	EndGlobalSection
	GlobalSection(ExtensibilityGlobals) = postSolution
		SolutionGuid = {956289A0-38A4-409E-9086-7D4AF01ADB96}
	EndGlobalSection
EndGlobal
