
Microsoft Visual Studio Solution File, Format Version 12.00
# Visual Studio Version 17
VisualStudioVersion = 17.0.32126.317
MinimumVisualStudioVersion = 10.0.40219.1
Project("{9A19103F-16F7-4668-BE54-9A1E7A4F7556}") = "01. Count Chars in a String", "01. Count Chars in a String\01. Count Chars in a String.csproj", "{73D4F665-8729-44FE-8F3E-CD11DE586703}"
EndProject
Project("{9A19103F-16F7-4668-BE54-9A1E7A4F7556}") = "02. A Miner Task", "02. A Miner Task\02. A Miner Task.csproj", "{F05C24CE-FD80-40EB-BF82-6BC61996E22D}"
EndProject
Project("{9A19103F-16F7-4668-BE54-9A1E7A4F7556}") = "03. Legendary Farming", "03. Legendary Farming\03. Legendary Farming.csproj", "{77FEAB84-D1AE-43F8-96A9-7CCB83172BFE}"
EndProject
Project("{9A19103F-16F7-4668-BE54-9A1E7A4F7556}") = "04. Orders", "04. Orders\04. Orders.csproj", "{F8C72D6B-AC04-4A92-B448-6F94A0DFEDCC}"
EndProject
Project("{9A19103F-16F7-4668-BE54-9A1E7A4F7556}") = "05. SoftUni Parking", "05. SoftUni Parking\05. SoftUni Parking.csproj", "{193ACFBE-7013-4508-86BF-532782F48352}"
EndProject
Project("{9A19103F-16F7-4668-BE54-9A1E7A4F7556}") = "06. Courses", "06. Courses\06. Courses.csproj", "{DEE1F214-139F-4272-A784-34809999BAE3}"
EndProject
Project("{9A19103F-16F7-4668-BE54-9A1E7A4F7556}") = "07. Student Academy", "07. Student Academy\07. Student Academy.csproj", "{885437E3-B163-4663-883D-D5C93EF1D644}"
EndProject
Project("{FAE04EC0-301F-11D3-BF4B-00C04F79EFBC}") = "08. Company Users", "08. Company Users\08. Company Users.csproj", "{DFB13BE8-C893-4D4C-A850-381170C7B2D2}"
EndProject
Global
	GlobalSection(SolutionConfigurationPlatforms) = preSolution
		Debug|Any CPU = Debug|Any CPU
		Release|Any CPU = Release|Any CPU
	EndGlobalSection
	GlobalSection(ProjectConfigurationPlatforms) = postSolution
		{73D4F665-8729-44FE-8F3E-CD11DE586703}.Debug|Any CPU.ActiveCfg = Debug|Any CPU
		{73D4F665-8729-44FE-8F3E-CD11DE586703}.Debug|Any CPU.Build.0 = Debug|Any CPU
		{73D4F665-8729-44FE-8F3E-CD11DE586703}.Release|Any CPU.ActiveCfg = Release|Any CPU
		{73D4F665-8729-44FE-8F3E-CD11DE586703}.Release|Any CPU.Build.0 = Release|Any CPU
		{F05C24CE-FD80-40EB-BF82-6BC61996E22D}.Debug|Any CPU.ActiveCfg = Debug|Any CPU
		{F05C24CE-FD80-40EB-BF82-6BC61996E22D}.Debug|Any CPU.Build.0 = Debug|Any CPU
		{F05C24CE-FD80-40EB-BF82-6BC61996E22D}.Release|Any CPU.ActiveCfg = Release|Any CPU
		{F05C24CE-FD80-40EB-BF82-6BC61996E22D}.Release|Any CPU.Build.0 = Release|Any CPU
		{77FEAB84-D1AE-43F8-96A9-7CCB83172BFE}.Debug|Any CPU.ActiveCfg = Debug|Any CPU
		{77FEAB84-D1AE-43F8-96A9-7CCB83172BFE}.Debug|Any CPU.Build.0 = Debug|Any CPU
		{77FEAB84-D1AE-43F8-96A9-7CCB83172BFE}.Release|Any CPU.ActiveCfg = Release|Any CPU
		{77FEAB84-D1AE-43F8-96A9-7CCB83172BFE}.Release|Any CPU.Build.0 = Release|Any CPU
		{F8C72D6B-AC04-4A92-B448-6F94A0DFEDCC}.Debug|Any CPU.ActiveCfg = Debug|Any CPU
		{F8C72D6B-AC04-4A92-B448-6F94A0DFEDCC}.Debug|Any CPU.Build.0 = Debug|Any CPU
		{F8C72D6B-AC04-4A92-B448-6F94A0DFEDCC}.Release|Any CPU.ActiveCfg = Release|Any CPU
		{F8C72D6B-AC04-4A92-B448-6F94A0DFEDCC}.Release|Any CPU.Build.0 = Release|Any CPU
		{193ACFBE-7013-4508-86BF-532782F48352}.Debug|Any CPU.ActiveCfg = Debug|Any CPU
		{193ACFBE-7013-4508-86BF-532782F48352}.Debug|Any CPU.Build.0 = Debug|Any CPU
		{193ACFBE-7013-4508-86BF-532782F48352}.Release|Any CPU.ActiveCfg = Release|Any CPU
		{193ACFBE-7013-4508-86BF-532782F48352}.Release|Any CPU.Build.0 = Release|Any CPU
		{DEE1F214-139F-4272-A784-34809999BAE3}.Debug|Any CPU.ActiveCfg = Debug|Any CPU
		{DEE1F214-139F-4272-A784-34809999BAE3}.Debug|Any CPU.Build.0 = Debug|Any CPU
		{DEE1F214-139F-4272-A784-34809999BAE3}.Release|Any CPU.ActiveCfg = Release|Any CPU
		{DEE1F214-139F-4272-A784-34809999BAE3}.Release|Any CPU.Build.0 = Release|Any CPU
		{885437E3-B163-4663-883D-D5C93EF1D644}.Debug|Any CPU.ActiveCfg = Debug|Any CPU
		{885437E3-B163-4663-883D-D5C93EF1D644}.Debug|Any CPU.Build.0 = Debug|Any CPU
		{885437E3-B163-4663-883D-D5C93EF1D644}.Release|Any CPU.ActiveCfg = Release|Any CPU
		{885437E3-B163-4663-883D-D5C93EF1D644}.Release|Any CPU.Build.0 = Release|Any CPU
		{DFB13BE8-C893-4D4C-A850-381170C7B2D2}.Debug|Any CPU.ActiveCfg = Debug|Any CPU
		{DFB13BE8-C893-4D4C-A850-381170C7B2D2}.Debug|Any CPU.Build.0 = Debug|Any CPU
		{DFB13BE8-C893-4D4C-A850-381170C7B2D2}.Release|Any CPU.ActiveCfg = Release|Any CPU
		{DFB13BE8-C893-4D4C-A850-381170C7B2D2}.Release|Any CPU.Build.0 = Release|Any CPU
	EndGlobalSection
	GlobalSection(SolutionProperties) = preSolution
		HideSolutionNode = FALSE
	EndGlobalSection
	GlobalSection(ExtensibilityGlobals) = postSolution
		SolutionGuid = {9ED0856C-CDE8-43A8-BD60-44D059603DCA}
	EndGlobalSection
EndGlobal
