
Microsoft Visual Studio Solution File, Format Version 12.00
# Visual Studio Version 17
VisualStudioVersion = 17.0.32014.148
MinimumVisualStudioVersion = 10.0.40219.1
Project("{9A19103F-16F7-4668-BE54-9A1E7A4F7556}") = "01. Train", "01. Train\01. Train.csproj", "{6D17044E-4B06-440D-8349-C2A9590047C0}"
EndProject
Project("{9A19103F-16F7-4668-BE54-9A1E7A4F7556}") = "02. Common Elements", "02. Common Elements\02. Common Elements.csproj", "{7DFD87F3-2CFD-4B50-882E-D66585F01E44}"
EndProject
Project("{9A19103F-16F7-4668-BE54-9A1E7A4F7556}") = "03. Zig-Zag Arrays", "03. Zig-Zag Arrays\03. Zig-Zag Arrays.csproj", "{5139248C-43C4-4AD5-A8DD-D63745FBA636}"
EndProject
Project("{9A19103F-16F7-4668-BE54-9A1E7A4F7556}") = "04. Array Rotation", "04. Array Rotation\04. Array Rotation.csproj", "{8C825155-367D-4796-B927-71E7A4027A6E}"
EndProject
Project("{9A19103F-16F7-4668-BE54-9A1E7A4F7556}") = "05. Top Integers", "05. Top Integers\05. Top Integers.csproj", "{122F4947-46B8-422A-838E-FF8281B1A8F1}"
EndProject
Project("{9A19103F-16F7-4668-BE54-9A1E7A4F7556}") = "06. Equal Sum", "06. Equal Sum\06. Equal Sum.csproj", "{2620F390-82EE-46EA-B272-06E5E9765A00}"
EndProject
Project("{9A19103F-16F7-4668-BE54-9A1E7A4F7556}") = "Test", "Test\Test.csproj", "{47C1326D-DC90-4C93-AB8C-A1BD2C98F57C}"
EndProject
Project("{9A19103F-16F7-4668-BE54-9A1E7A4F7556}") = "07. Max Sequence of Equal Elements", "07. Max Sequence of Equal Elements\07. Max Sequence of Equal Elements.csproj", "{7B6023E8-8B25-46E6-935A-4F7EF4C2F4CF}"
EndProject
Project("{9A19103F-16F7-4668-BE54-9A1E7A4F7556}") = "08. Magic Sum", "08. Magic Sum\08. Magic Sum.csproj", "{6C9C76F7-E5E3-4676-8BB1-8248F55BDD89}"
EndProject
Project("{9A19103F-16F7-4668-BE54-9A1E7A4F7556}") = "09. Kamino Factory", "09. Kamino Factory\09. Kamino Factory.csproj", "{BDC2A472-A5A7-4CB9-B0B6-7EEA1DAB19CF}"
EndProject
Project("{FAE04EC0-301F-11D3-BF4B-00C04F79EFBC}") = "10. LadyBugs", "10. LadyBugs\10. LadyBugs.csproj", "{F2D5CD91-3E4B-4161-B264-345950CFC086}"
EndProject
Global
	GlobalSection(SolutionConfigurationPlatforms) = preSolution
		Debug|Any CPU = Debug|Any CPU
		Release|Any CPU = Release|Any CPU
	EndGlobalSection
	GlobalSection(ProjectConfigurationPlatforms) = postSolution
		{6D17044E-4B06-440D-8349-C2A9590047C0}.Debug|Any CPU.ActiveCfg = Debug|Any CPU
		{6D17044E-4B06-440D-8349-C2A9590047C0}.Debug|Any CPU.Build.0 = Debug|Any CPU
		{6D17044E-4B06-440D-8349-C2A9590047C0}.Release|Any CPU.ActiveCfg = Release|Any CPU
		{6D17044E-4B06-440D-8349-C2A9590047C0}.Release|Any CPU.Build.0 = Release|Any CPU
		{7DFD87F3-2CFD-4B50-882E-D66585F01E44}.Debug|Any CPU.ActiveCfg = Debug|Any CPU
		{7DFD87F3-2CFD-4B50-882E-D66585F01E44}.Debug|Any CPU.Build.0 = Debug|Any CPU
		{7DFD87F3-2CFD-4B50-882E-D66585F01E44}.Release|Any CPU.ActiveCfg = Release|Any CPU
		{7DFD87F3-2CFD-4B50-882E-D66585F01E44}.Release|Any CPU.Build.0 = Release|Any CPU
		{5139248C-43C4-4AD5-A8DD-D63745FBA636}.Debug|Any CPU.ActiveCfg = Debug|Any CPU
		{5139248C-43C4-4AD5-A8DD-D63745FBA636}.Debug|Any CPU.Build.0 = Debug|Any CPU
		{5139248C-43C4-4AD5-A8DD-D63745FBA636}.Release|Any CPU.ActiveCfg = Release|Any CPU
		{5139248C-43C4-4AD5-A8DD-D63745FBA636}.Release|Any CPU.Build.0 = Release|Any CPU
		{8C825155-367D-4796-B927-71E7A4027A6E}.Debug|Any CPU.ActiveCfg = Debug|Any CPU
		{8C825155-367D-4796-B927-71E7A4027A6E}.Debug|Any CPU.Build.0 = Debug|Any CPU
		{8C825155-367D-4796-B927-71E7A4027A6E}.Release|Any CPU.ActiveCfg = Release|Any CPU
		{8C825155-367D-4796-B927-71E7A4027A6E}.Release|Any CPU.Build.0 = Release|Any CPU
		{122F4947-46B8-422A-838E-FF8281B1A8F1}.Debug|Any CPU.ActiveCfg = Debug|Any CPU
		{122F4947-46B8-422A-838E-FF8281B1A8F1}.Debug|Any CPU.Build.0 = Debug|Any CPU
		{122F4947-46B8-422A-838E-FF8281B1A8F1}.Release|Any CPU.ActiveCfg = Release|Any CPU
		{122F4947-46B8-422A-838E-FF8281B1A8F1}.Release|Any CPU.Build.0 = Release|Any CPU
		{2620F390-82EE-46EA-B272-06E5E9765A00}.Debug|Any CPU.ActiveCfg = Debug|Any CPU
		{2620F390-82EE-46EA-B272-06E5E9765A00}.Debug|Any CPU.Build.0 = Debug|Any CPU
		{2620F390-82EE-46EA-B272-06E5E9765A00}.Release|Any CPU.ActiveCfg = Release|Any CPU
		{2620F390-82EE-46EA-B272-06E5E9765A00}.Release|Any CPU.Build.0 = Release|Any CPU
		{47C1326D-DC90-4C93-AB8C-A1BD2C98F57C}.Debug|Any CPU.ActiveCfg = Debug|Any CPU
		{47C1326D-DC90-4C93-AB8C-A1BD2C98F57C}.Debug|Any CPU.Build.0 = Debug|Any CPU
		{47C1326D-DC90-4C93-AB8C-A1BD2C98F57C}.Release|Any CPU.ActiveCfg = Release|Any CPU
		{47C1326D-DC90-4C93-AB8C-A1BD2C98F57C}.Release|Any CPU.Build.0 = Release|Any CPU
		{7B6023E8-8B25-46E6-935A-4F7EF4C2F4CF}.Debug|Any CPU.ActiveCfg = Debug|Any CPU
		{7B6023E8-8B25-46E6-935A-4F7EF4C2F4CF}.Debug|Any CPU.Build.0 = Debug|Any CPU
		{7B6023E8-8B25-46E6-935A-4F7EF4C2F4CF}.Release|Any CPU.ActiveCfg = Release|Any CPU
		{7B6023E8-8B25-46E6-935A-4F7EF4C2F4CF}.Release|Any CPU.Build.0 = Release|Any CPU
		{6C9C76F7-E5E3-4676-8BB1-8248F55BDD89}.Debug|Any CPU.ActiveCfg = Debug|Any CPU
		{6C9C76F7-E5E3-4676-8BB1-8248F55BDD89}.Debug|Any CPU.Build.0 = Debug|Any CPU
		{6C9C76F7-E5E3-4676-8BB1-8248F55BDD89}.Release|Any CPU.ActiveCfg = Release|Any CPU
		{6C9C76F7-E5E3-4676-8BB1-8248F55BDD89}.Release|Any CPU.Build.0 = Release|Any CPU
		{BDC2A472-A5A7-4CB9-B0B6-7EEA1DAB19CF}.Debug|Any CPU.ActiveCfg = Debug|Any CPU
		{BDC2A472-A5A7-4CB9-B0B6-7EEA1DAB19CF}.Debug|Any CPU.Build.0 = Debug|Any CPU
		{BDC2A472-A5A7-4CB9-B0B6-7EEA1DAB19CF}.Release|Any CPU.ActiveCfg = Release|Any CPU
		{BDC2A472-A5A7-4CB9-B0B6-7EEA1DAB19CF}.Release|Any CPU.Build.0 = Release|Any CPU
		{F2D5CD91-3E4B-4161-B264-345950CFC086}.Debug|Any CPU.ActiveCfg = Debug|Any CPU
		{F2D5CD91-3E4B-4161-B264-345950CFC086}.Debug|Any CPU.Build.0 = Debug|Any CPU
		{F2D5CD91-3E4B-4161-B264-345950CFC086}.Release|Any CPU.ActiveCfg = Release|Any CPU
		{F2D5CD91-3E4B-4161-B264-345950CFC086}.Release|Any CPU.Build.0 = Release|Any CPU
	EndGlobalSection
	GlobalSection(SolutionProperties) = preSolution
		HideSolutionNode = FALSE
	EndGlobalSection
	GlobalSection(ExtensibilityGlobals) = postSolution
		SolutionGuid = {1AAA9C78-0C67-421D-B28F-CEF574E356F0}
	EndGlobalSection
EndGlobal
