
Microsoft Visual Studio Solution File, Format Version 12.00
# Visual Studio Version 17
VisualStudioVersion = 17.0.32014.148
MinimumVisualStudioVersion = 10.0.40219.1
Project("{FAE04EC0-301F-11D3-BF4B-00C04F79EFBC}") = "01. Computer Store", "01. Computer Store\01. Computer Store.csproj", "{DBD6A77C-6793-46EF-8A23-93307E7539D7}"
EndProject
Project("{FAE04EC0-301F-11D3-BF4B-00C04F79EFBC}") = "02. The Lift", "02. The Lift\02. The Lift.csproj", "{8C61545C-FDD4-437B-AE54-7D7D34CF8D67}"
EndProject
Project("{FAE04EC0-301F-11D3-BF4B-00C04F79EFBC}") = "03. Memory Game", "03. Memory Game\03. Memory Game.csproj", "{9F10BC07-AE8A-4096-8D83-6B8B21FF5E09}"
EndProject
Global
	GlobalSection(SolutionConfigurationPlatforms) = preSolution
		Debug|Any CPU = Debug|Any CPU
		Release|Any CPU = Release|Any CPU
	EndGlobalSection
	GlobalSection(ProjectConfigurationPlatforms) = postSolution
		{DBD6A77C-6793-46EF-8A23-93307E7539D7}.Debug|Any CPU.ActiveCfg = Debug|Any CPU
		{DBD6A77C-6793-46EF-8A23-93307E7539D7}.Debug|Any CPU.Build.0 = Debug|Any CPU
		{DBD6A77C-6793-46EF-8A23-93307E7539D7}.Release|Any CPU.ActiveCfg = Release|Any CPU
		{DBD6A77C-6793-46EF-8A23-93307E7539D7}.Release|Any CPU.Build.0 = Release|Any CPU
		{8C61545C-FDD4-437B-AE54-7D7D34CF8D67}.Debug|Any CPU.ActiveCfg = Debug|Any CPU
		{8C61545C-FDD4-437B-AE54-7D7D34CF8D67}.Debug|Any CPU.Build.0 = Debug|Any CPU
		{8C61545C-FDD4-437B-AE54-7D7D34CF8D67}.Release|Any CPU.ActiveCfg = Release|Any CPU
		{8C61545C-FDD4-437B-AE54-7D7D34CF8D67}.Release|Any CPU.Build.0 = Release|Any CPU
		{9F10BC07-AE8A-4096-8D83-6B8B21FF5E09}.Debug|Any CPU.ActiveCfg = Debug|Any CPU
		{9F10BC07-AE8A-4096-8D83-6B8B21FF5E09}.Debug|Any CPU.Build.0 = Debug|Any CPU
		{9F10BC07-AE8A-4096-8D83-6B8B21FF5E09}.Release|Any CPU.ActiveCfg = Release|Any CPU
		{9F10BC07-AE8A-4096-8D83-6B8B21FF5E09}.Release|Any CPU.Build.0 = Release|Any CPU
	EndGlobalSection
	GlobalSection(SolutionProperties) = preSolution
		HideSolutionNode = FALSE
	EndGlobalSection
	GlobalSection(ExtensibilityGlobals) = postSolution
		SolutionGuid = {9926101E-58E0-46D6-9992-EDCC36D17271}
	EndGlobalSection
EndGlobal
