
Microsoft Visual Studio Solution File, Format Version 12.00
# Visual Studio Version 17
VisualStudioVersion = 17.0.32014.148
MinimumVisualStudioVersion = 10.0.40219.1
Project("{9A19103F-16F7-4668-BE54-9A1E7A4F7556}") = "01. Student Information", "01. Student Information\01. Student Information.csproj", "{E9D90A7D-5648-410C-B2D3-66E4A481E4E7}"
EndProject
Project("{9A19103F-16F7-4668-BE54-9A1E7A4F7556}") = "02. Passed", "02. Passed\02. Passed.csproj", "{902738BD-C6FC-41B9-BA9B-456C539B56EF}"
EndProject
Project("{FAE04EC0-301F-11D3-BF4B-00C04F79EFBC}") = "03. Passed or Failed", "03. Passed or Failed\03. Passed or Failed.csproj", "{529A92FD-BBC2-4A49-BAC7-14C4F43CF43D}"
EndProject
Project("{FAE04EC0-301F-11D3-BF4B-00C04F79EFBC}") = "04. Back In 30 Minutes", "04. Back In 30 Minutes\04. Back In 30 Minutes.csproj", "{A4EEA581-732B-4CEA-81C2-D0E0AC6BBB78}"
EndProject
Project("{FAE04EC0-301F-11D3-BF4B-00C04F79EFBC}") = "05. Month Printer", "05. Month Printer\05. Month Printer.csproj", "{CD9E311F-19BE-46D8-A88F-DF369C23FDFD}"
EndProject
Project("{FAE04EC0-301F-11D3-BF4B-00C04F79EFBC}") = "06. Foreign Languages", "06. Foreign Languages\06. Foreign Languages.csproj", "{8E76A3DD-32D3-4BE2-9257-453648F38708}"
EndProject
Global
	GlobalSection(SolutionConfigurationPlatforms) = preSolution
		Debug|Any CPU = Debug|Any CPU
		Release|Any CPU = Release|Any CPU
	EndGlobalSection
	GlobalSection(ProjectConfigurationPlatforms) = postSolution
		{E9D90A7D-5648-410C-B2D3-66E4A481E4E7}.Debug|Any CPU.ActiveCfg = Debug|Any CPU
		{E9D90A7D-5648-410C-B2D3-66E4A481E4E7}.Debug|Any CPU.Build.0 = Debug|Any CPU
		{E9D90A7D-5648-410C-B2D3-66E4A481E4E7}.Release|Any CPU.ActiveCfg = Release|Any CPU
		{E9D90A7D-5648-410C-B2D3-66E4A481E4E7}.Release|Any CPU.Build.0 = Release|Any CPU
		{902738BD-C6FC-41B9-BA9B-456C539B56EF}.Debug|Any CPU.ActiveCfg = Debug|Any CPU
		{902738BD-C6FC-41B9-BA9B-456C539B56EF}.Debug|Any CPU.Build.0 = Debug|Any CPU
		{902738BD-C6FC-41B9-BA9B-456C539B56EF}.Release|Any CPU.ActiveCfg = Release|Any CPU
		{902738BD-C6FC-41B9-BA9B-456C539B56EF}.Release|Any CPU.Build.0 = Release|Any CPU
		{529A92FD-BBC2-4A49-BAC7-14C4F43CF43D}.Debug|Any CPU.ActiveCfg = Debug|Any CPU
		{529A92FD-BBC2-4A49-BAC7-14C4F43CF43D}.Debug|Any CPU.Build.0 = Debug|Any CPU
		{529A92FD-BBC2-4A49-BAC7-14C4F43CF43D}.Release|Any CPU.ActiveCfg = Release|Any CPU
		{529A92FD-BBC2-4A49-BAC7-14C4F43CF43D}.Release|Any CPU.Build.0 = Release|Any CPU
		{A4EEA581-732B-4CEA-81C2-D0E0AC6BBB78}.Debug|Any CPU.ActiveCfg = Debug|Any CPU
		{A4EEA581-732B-4CEA-81C2-D0E0AC6BBB78}.Debug|Any CPU.Build.0 = Debug|Any CPU
		{A4EEA581-732B-4CEA-81C2-D0E0AC6BBB78}.Release|Any CPU.ActiveCfg = Release|Any CPU
		{A4EEA581-732B-4CEA-81C2-D0E0AC6BBB78}.Release|Any CPU.Build.0 = Release|Any CPU
		{CD9E311F-19BE-46D8-A88F-DF369C23FDFD}.Debug|Any CPU.ActiveCfg = Debug|Any CPU
		{CD9E311F-19BE-46D8-A88F-DF369C23FDFD}.Debug|Any CPU.Build.0 = Debug|Any CPU
		{CD9E311F-19BE-46D8-A88F-DF369C23FDFD}.Release|Any CPU.ActiveCfg = Release|Any CPU
		{CD9E311F-19BE-46D8-A88F-DF369C23FDFD}.Release|Any CPU.Build.0 = Release|Any CPU
		{8E76A3DD-32D3-4BE2-9257-453648F38708}.Debug|Any CPU.ActiveCfg = Debug|Any CPU
		{8E76A3DD-32D3-4BE2-9257-453648F38708}.Debug|Any CPU.Build.0 = Debug|Any CPU
		{8E76A3DD-32D3-4BE2-9257-453648F38708}.Release|Any CPU.ActiveCfg = Release|Any CPU
		{8E76A3DD-32D3-4BE2-9257-453648F38708}.Release|Any CPU.Build.0 = Release|Any CPU
	EndGlobalSection
	GlobalSection(SolutionProperties) = preSolution
		HideSolutionNode = FALSE
	EndGlobalSection
	GlobalSection(ExtensibilityGlobals) = postSolution
		SolutionGuid = {091C419E-80D0-45DF-ADA2-6F24CC189040}
	EndGlobalSection
EndGlobal
