
Microsoft Visual Studio Solution File, Format Version 12.00
# Visual Studio Version 17
VisualStudioVersion = 17.1.32319.34
MinimumVisualStudioVersion = 10.0.40219.1
Project("{FAE04EC0-301F-11D3-BF4B-00C04F79EFBC}") = "01. Decrypting Commands", "01. Decrypting Commands\01. Decrypting Commands.csproj", "{214FE43D-BAE1-40EA-A30B-83D66DFF07B2}"
EndProject
Project("{FAE04EC0-301F-11D3-BF4B-00C04F79EFBC}") = "02. Message Translator", "02. Message Translator\02. Message Translator.csproj", "{52618CD8-8DF2-4C92-BA27-2CC114D2A697}"
EndProject
Project("{FAE04EC0-301F-11D3-BF4B-00C04F79EFBC}") = "03. Degustation Party", "03. Degustation Party\03. Degustation Party.csproj", "{304CF180-E2F4-43E2-BEF2-CDDE1FB8170A}"
EndProject
Global
	GlobalSection(SolutionConfigurationPlatforms) = preSolution
		Debug|Any CPU = Debug|Any CPU
		Release|Any CPU = Release|Any CPU
	EndGlobalSection
	GlobalSection(ProjectConfigurationPlatforms) = postSolution
		{214FE43D-BAE1-40EA-A30B-83D66DFF07B2}.Debug|Any CPU.ActiveCfg = Debug|Any CPU
		{214FE43D-BAE1-40EA-A30B-83D66DFF07B2}.Debug|Any CPU.Build.0 = Debug|Any CPU
		{214FE43D-BAE1-40EA-A30B-83D66DFF07B2}.Release|Any CPU.ActiveCfg = Release|Any CPU
		{214FE43D-BAE1-40EA-A30B-83D66DFF07B2}.Release|Any CPU.Build.0 = Release|Any CPU
		{52618CD8-8DF2-4C92-BA27-2CC114D2A697}.Debug|Any CPU.ActiveCfg = Debug|Any CPU
		{52618CD8-8DF2-4C92-BA27-2CC114D2A697}.Debug|Any CPU.Build.0 = Debug|Any CPU
		{52618CD8-8DF2-4C92-BA27-2CC114D2A697}.Release|Any CPU.ActiveCfg = Release|Any CPU
		{52618CD8-8DF2-4C92-BA27-2CC114D2A697}.Release|Any CPU.Build.0 = Release|Any CPU
		{304CF180-E2F4-43E2-BEF2-CDDE1FB8170A}.Debug|Any CPU.ActiveCfg = Debug|Any CPU
		{304CF180-E2F4-43E2-BEF2-CDDE1FB8170A}.Debug|Any CPU.Build.0 = Debug|Any CPU
		{304CF180-E2F4-43E2-BEF2-CDDE1FB8170A}.Release|Any CPU.ActiveCfg = Release|Any CPU
		{304CF180-E2F4-43E2-BEF2-CDDE1FB8170A}.Release|Any CPU.Build.0 = Release|Any CPU
	EndGlobalSection
	GlobalSection(SolutionProperties) = preSolution
		HideSolutionNode = FALSE
	EndGlobalSection
	GlobalSection(ExtensibilityGlobals) = postSolution
		SolutionGuid = {012254DB-C711-4072-B7BD-F44082259E01}
	EndGlobalSection
EndGlobal
